// !$*UTF8*$!
{
	archiveVersion = 1;
	classes = {
	};
	objectVersion = 56;
	objects = {

/* Begin PBXBuildFile section */
		0B017D4B2AF860010097F951 /* GoogleService-Info.plist in Resources */ = {isa = PBXBuildFile; fileRef = 0B017D4A2AF860010097F951 /* GoogleService-Info.plist */; };
		0B3579462AFDE74400AE9A85 /* StorageManager.swift in Sources */ = {isa = PBXBuildFile; fileRef = 0B3579452AFDE74400AE9A85 /* StorageManager.swift */; };
		0B3DA96E2B103E8600A08F4F /* Media.swift in Sources */ = {isa = PBXBuildFile; fileRef = 0B3DA96D2B103E8600A08F4F /* Media.swift */; };
		0B459F482AFC63A000736557 /* Message.swift in Sources */ = {isa = PBXBuildFile; fileRef = 0B459F472AFC63A000736557 /* Message.swift */; };
		0B459F4A2AFC645F00736557 /* Sender.swift in Sources */ = {isa = PBXBuildFile; fileRef = 0B459F492AFC645F00736557 /* Sender.swift */; };
		0B51A3652AF33F25004D534B /* TableView+Delegates.swift in Sources */ = {isa = PBXBuildFile; fileRef = 0B51A3642AF33F25004D534B /* TableView+Delegates.swift */; };
		0B51A3672AF343E8004D534B /* TableViewCell.swift in Sources */ = {isa = PBXBuildFile; fileRef = 0B51A3662AF343E8004D534B /* TableViewCell.swift */; };
		0B5ABFE92B129E6400803335 /* SearchResult.swift in Sources */ = {isa = PBXBuildFile; fileRef = 0B5ABFE82B129E6400803335 /* SearchResult.swift */; };
		0B5D17E52B198404007A5AA9 /* ProfileViewModel.swift in Sources */ = {isa = PBXBuildFile; fileRef = 0B5D17E42B198404007A5AA9 /* ProfileViewModel.swift */; };
		0B6F66C12ACCE5F500494059 /* AppDelegate.swift in Sources */ = {isa = PBXBuildFile; fileRef = 0B6F66C02ACCE5F500494059 /* AppDelegate.swift */; };
		0B6F66C52ACCE5F500494059 /* ConversationsViewController.swift in Sources */ = {isa = PBXBuildFile; fileRef = 0B6F66C42ACCE5F500494059 /* ConversationsViewController.swift */; };
		0B6F66CA2ACCE5F600494059 /* Assets.xcassets in Resources */ = {isa = PBXBuildFile; fileRef = 0B6F66C92ACCE5F600494059 /* Assets.xcassets */; };
		0B6F66CD2ACCE5F600494059 /* LaunchScreen.storyboard in Resources */ = {isa = PBXBuildFile; fileRef = 0B6F66CB2ACCE5F600494059 /* LaunchScreen.storyboard */; };
		0B6F66D62ACCED7900494059 /* AppCoordinator.swift in Sources */ = {isa = PBXBuildFile; fileRef = 0B6F66D52ACCED7900494059 /* AppCoordinator.swift */; };
		0B6F66D82ACCED8800494059 /* Context.swift in Sources */ = {isa = PBXBuildFile; fileRef = 0B6F66D72ACCED8800494059 /* Context.swift */; };
		0B6F66DA2ACCED9B00494059 /* Coordinator.swift in Sources */ = {isa = PBXBuildFile; fileRef = 0B6F66D92ACCED9B00494059 /* Coordinator.swift */; };
		0B76DB892B05D12E00DBBBCB /* ChatViewController+Delegates.swift in Sources */ = {isa = PBXBuildFile; fileRef = 0B76DB882B05D12E00DBBBCB /* ChatViewController+Delegates.swift */; };
		0B8C9D1A2AE74DE500BCF0A9 /* LoginViewController+Delegates.swift in Sources */ = {isa = PBXBuildFile; fileRef = 0B8C9D192AE74DE500BCF0A9 /* LoginViewController+Delegates.swift */; };
		0B8C9D1C2AE750AE00BCF0A9 /* RegisterViewController+Delegates.swift in Sources */ = {isa = PBXBuildFile; fileRef = 0B8C9D1B2AE750AE00BCF0A9 /* RegisterViewController+Delegates.swift */; };
		0B94A3822AEF30FF003C39C0 /* DatabaseManager.swift in Sources */ = {isa = PBXBuildFile; fileRef = 0B94A3812AEF30FF003C39C0 /* DatabaseManager.swift */; };
		0B94A3842AEF36E5003C39C0 /* ChatAppUser.swift in Sources */ = {isa = PBXBuildFile; fileRef = 0B94A3832AEF36E5003C39C0 /* ChatAppUser.swift */; };
		0B94A38C2AEF556B003C39C0 /* MainController.swift in Sources */ = {isa = PBXBuildFile; fileRef = 0B94A38B2AEF556B003C39C0 /* MainController.swift */; };
		0B95BDE22B019C2F001BC18A /* NewConversationTableView+Delegates.swift in Sources */ = {isa = PBXBuildFile; fileRef = 0B95BDE12B019C2F001BC18A /* NewConversationTableView+Delegates.swift */; };
		0B95BDE52B019D1A001BC18A /* NewConversationTableViewCell.swift in Sources */ = {isa = PBXBuildFile; fileRef = 0B95BDE42B019D1A001BC18A /* NewConversationTableViewCell.swift */; };
		0B9C5C3A2AFB126A00BEAA54 /* ConversationsTableView+Delegates.swift in Sources */ = {isa = PBXBuildFile; fileRef = 0B9C5C392AFB126A00BEAA54 /* ConversationsTableView+Delegates.swift */; };
		0B9C5C3C2AFB17A400BEAA54 /* ChatViewController.swift in Sources */ = {isa = PBXBuildFile; fileRef = 0B9C5C3B2AFB17A400BEAA54 /* ChatViewController.swift */; };
		0B9C5C3F2AFB35E400BEAA54 /* ConversationsTableViewCell.swift in Sources */ = {isa = PBXBuildFile; fileRef = 0B9C5C3E2AFB35E400BEAA54 /* ConversationsTableViewCell.swift */; };
		0BC2DB1F2B0ACB0500CE02EE /* Conversation.swift in Sources */ = {isa = PBXBuildFile; fileRef = 0BC2DB1E2B0ACB0500CE02EE /* Conversation.swift */; };
		0BC2DB212B0ACBA200CE02EE /* LatestMessage.swift in Sources */ = {isa = PBXBuildFile; fileRef = 0BC2DB202B0ACBA200CE02EE /* LatestMessage.swift */; };
		0BDA5F712AD7B386006F7A8A /* LoginViewController.swift in Sources */ = {isa = PBXBuildFile; fileRef = 0BDA5F702AD7B386006F7A8A /* LoginViewController.swift */; };
		0BDA5F732AD7B3AB006F7A8A /* RegisterViewController.swift in Sources */ = {isa = PBXBuildFile; fileRef = 0BDA5F722AD7B3AB006F7A8A /* RegisterViewController.swift */; };
		0BDA5F752AD7B3DA006F7A8A /* PhotoViwerViewController.swift in Sources */ = {isa = PBXBuildFile; fileRef = 0BDA5F742AD7B3DA006F7A8A /* PhotoViwerViewController.swift */; };
		0BDA5F772AD7B3FC006F7A8A /* VideoPlayerViewController.swift in Sources */ = {isa = PBXBuildFile; fileRef = 0BDA5F762AD7B3FC006F7A8A /* VideoPlayerViewController.swift */; };
		0BDA5F792AD7B43A006F7A8A /* NewConversationViewController.swift in Sources */ = {isa = PBXBuildFile; fileRef = 0BDA5F782AD7B43A006F7A8A /* NewConversationViewController.swift */; };
		0BDA5F7B2AD7B465006F7A8A /* ProfileViewController.swift in Sources */ = {isa = PBXBuildFile; fileRef = 0BDA5F7A2AD7B465006F7A8A /* ProfileViewController.swift */; };
		0BE6D7072B16C7F2001A4160 /* Location.swift in Sources */ = {isa = PBXBuildFile; fileRef = 0BE6D7062B16C7F2001A4160 /* Location.swift */; };
		0BE6D7092B16CBE9001A4160 /* LocationPickerViewController.swift in Sources */ = {isa = PBXBuildFile; fileRef = 0BE6D7082B16CBE9001A4160 /* LocationPickerViewController.swift */; };
		6F64BF4961E930D28AC67FB1 /* Pods_chat.framework in Frameworks */ = {isa = PBXBuildFile; fileRef = 0B26A72542B3ACE0322A03DE /* Pods_chat.framework */; };
/* End PBXBuildFile section */

/* Begin PBXFileReference section */
		0B017D4A2AF860010097F951 /* GoogleService-Info.plist */ = {isa = PBXFileReference; fileEncoding = 4; lastKnownFileType = text.plist.xml; name = "GoogleService-Info.plist"; path = "../../../Downloads/GoogleService-Info.plist"; sourceTree = "<group>"; };
		0B26A72542B3ACE0322A03DE /* Pods_chat.framework */ = {isa = PBXFileReference; explicitFileType = wrapper.framework; includeInIndex = 0; path = Pods_chat.framework; sourceTree = BUILT_PRODUCTS_DIR; };
		0B3579452AFDE74400AE9A85 /* StorageManager.swift */ = {isa = PBXFileReference; lastKnownFileType = sourcecode.swift; path = StorageManager.swift; sourceTree = "<group>"; };
		0B3DA96D2B103E8600A08F4F /* Media.swift */ = {isa = PBXFileReference; lastKnownFileType = sourcecode.swift; path = Media.swift; sourceTree = "<group>"; };
		0B459F472AFC63A000736557 /* Message.swift */ = {isa = PBXFileReference; lastKnownFileType = sourcecode.swift; path = Message.swift; sourceTree = "<group>"; };
		0B459F492AFC645F00736557 /* Sender.swift */ = {isa = PBXFileReference; lastKnownFileType = sourcecode.swift; path = Sender.swift; sourceTree = "<group>"; };
		0B51A3642AF33F25004D534B /* TableView+Delegates.swift */ = {isa = PBXFileReference; lastKnownFileType = sourcecode.swift; path = "TableView+Delegates.swift"; sourceTree = "<group>"; };
		0B51A3662AF343E8004D534B /* TableViewCell.swift */ = {isa = PBXFileReference; lastKnownFileType = sourcecode.swift; path = TableViewCell.swift; sourceTree = "<group>"; };
		0B5ABFE82B129E6400803335 /* SearchResult.swift */ = {isa = PBXFileReference; lastKnownFileType = sourcecode.swift; path = SearchResult.swift; sourceTree = "<group>"; };
		0B5D17E42B198404007A5AA9 /* ProfileViewModel.swift */ = {isa = PBXFileReference; lastKnownFileType = sourcecode.swift; path = ProfileViewModel.swift; sourceTree = "<group>"; };
		0B6573092AF70C2E0040DFF0 /* Secrets.xcconfig */ = {isa = PBXFileReference; lastKnownFileType = text.xcconfig; path = Secrets.xcconfig; sourceTree = "<group>"; };
		0B6F66BD2ACCE5F500494059 /* chat.app */ = {isa = PBXFileReference; explicitFileType = wrapper.application; includeInIndex = 0; path = chat.app; sourceTree = BUILT_PRODUCTS_DIR; };
		0B6F66C02ACCE5F500494059 /* AppDelegate.swift */ = {isa = PBXFileReference; lastKnownFileType = sourcecode.swift; path = AppDelegate.swift; sourceTree = "<group>"; };
		0B6F66C42ACCE5F500494059 /* ConversationsViewController.swift */ = {isa = PBXFileReference; lastKnownFileType = sourcecode.swift; path = ConversationsViewController.swift; sourceTree = "<group>"; };
		0B6F66C92ACCE5F600494059 /* Assets.xcassets */ = {isa = PBXFileReference; lastKnownFileType = folder.assetcatalog; path = Assets.xcassets; sourceTree = "<group>"; };
		0B6F66CC2ACCE5F600494059 /* Base */ = {isa = PBXFileReference; lastKnownFileType = file.storyboard; name = Base; path = Base.lproj/LaunchScreen.storyboard; sourceTree = "<group>"; };
		0B6F66CE2ACCE5F600494059 /* Info.plist */ = {isa = PBXFileReference; lastKnownFileType = text.plist.xml; path = Info.plist; sourceTree = "<group>"; };
		0B6F66D52ACCED7900494059 /* AppCoordinator.swift */ = {isa = PBXFileReference; lastKnownFileType = sourcecode.swift; path = AppCoordinator.swift; sourceTree = "<group>"; };
		0B6F66D72ACCED8800494059 /* Context.swift */ = {isa = PBXFileReference; lastKnownFileType = sourcecode.swift; path = Context.swift; sourceTree = "<group>"; };
		0B6F66D92ACCED9B00494059 /* Coordinator.swift */ = {isa = PBXFileReference; lastKnownFileType = sourcecode.swift; path = Coordinator.swift; sourceTree = "<group>"; };
		0B76DB882B05D12E00DBBBCB /* ChatViewController+Delegates.swift */ = {isa = PBXFileReference; lastKnownFileType = sourcecode.swift; path = "ChatViewController+Delegates.swift"; sourceTree = "<group>"; };
		0B8C9D192AE74DE500BCF0A9 /* LoginViewController+Delegates.swift */ = {isa = PBXFileReference; lastKnownFileType = sourcecode.swift; path = "LoginViewController+Delegates.swift"; sourceTree = "<group>"; };
		0B8C9D1B2AE750AE00BCF0A9 /* RegisterViewController+Delegates.swift */ = {isa = PBXFileReference; lastKnownFileType = sourcecode.swift; path = "RegisterViewController+Delegates.swift"; sourceTree = "<group>"; };
		0B94A3812AEF30FF003C39C0 /* DatabaseManager.swift */ = {isa = PBXFileReference; lastKnownFileType = sourcecode.swift; path = DatabaseManager.swift; sourceTree = "<group>"; };
		0B94A3832AEF36E5003C39C0 /* ChatAppUser.swift */ = {isa = PBXFileReference; lastKnownFileType = sourcecode.swift; path = ChatAppUser.swift; sourceTree = "<group>"; };
		0B94A38B2AEF556B003C39C0 /* MainController.swift */ = {isa = PBXFileReference; lastKnownFileType = sourcecode.swift; path = MainController.swift; sourceTree = "<group>"; };
		0B95BDE12B019C2F001BC18A /* NewConversationTableView+Delegates.swift */ = {isa = PBXFileReference; lastKnownFileType = sourcecode.swift; path = "NewConversationTableView+Delegates.swift"; sourceTree = "<group>"; };
		0B95BDE42B019D1A001BC18A /* NewConversationTableViewCell.swift */ = {isa = PBXFileReference; lastKnownFileType = sourcecode.swift; path = NewConversationTableViewCell.swift; sourceTree = "<group>"; };
		0B9C5C392AFB126A00BEAA54 /* ConversationsTableView+Delegates.swift */ = {isa = PBXFileReference; lastKnownFileType = sourcecode.swift; path = "ConversationsTableView+Delegates.swift"; sourceTree = "<group>"; };
		0B9C5C3B2AFB17A400BEAA54 /* ChatViewController.swift */ = {isa = PBXFileReference; lastKnownFileType = sourcecode.swift; path = ChatViewController.swift; sourceTree = "<group>"; };
		0B9C5C3E2AFB35E400BEAA54 /* ConversationsTableViewCell.swift */ = {isa = PBXFileReference; lastKnownFileType = sourcecode.swift; path = ConversationsTableViewCell.swift; sourceTree = "<group>"; };
		0BC2DB1E2B0ACB0500CE02EE /* Conversation.swift */ = {isa = PBXFileReference; lastKnownFileType = sourcecode.swift; path = Conversation.swift; sourceTree = "<group>"; };
		0BC2DB202B0ACBA200CE02EE /* LatestMessage.swift */ = {isa = PBXFileReference; lastKnownFileType = sourcecode.swift; path = LatestMessage.swift; sourceTree = "<group>"; };
		0BDA5F702AD7B386006F7A8A /* LoginViewController.swift */ = {isa = PBXFileReference; lastKnownFileType = sourcecode.swift; path = LoginViewController.swift; sourceTree = "<group>"; };
		0BDA5F722AD7B3AB006F7A8A /* RegisterViewController.swift */ = {isa = PBXFileReference; lastKnownFileType = sourcecode.swift; path = RegisterViewController.swift; sourceTree = "<group>"; };
		0BDA5F742AD7B3DA006F7A8A /* PhotoViwerViewController.swift */ = {isa = PBXFileReference; lastKnownFileType = sourcecode.swift; path = PhotoViwerViewController.swift; sourceTree = "<group>"; };
		0BDA5F762AD7B3FC006F7A8A /* VideoPlayerViewController.swift */ = {isa = PBXFileReference; lastKnownFileType = sourcecode.swift; path = VideoPlayerViewController.swift; sourceTree = "<group>"; };
		0BDA5F782AD7B43A006F7A8A /* NewConversationViewController.swift */ = {isa = PBXFileReference; lastKnownFileType = sourcecode.swift; path = NewConversationViewController.swift; sourceTree = "<group>"; };
		0BDA5F7A2AD7B465006F7A8A /* ProfileViewController.swift */ = {isa = PBXFileReference; lastKnownFileType = sourcecode.swift; path = ProfileViewController.swift; sourceTree = "<group>"; };
		0BE6D7062B16C7F2001A4160 /* Location.swift */ = {isa = PBXFileReference; lastKnownFileType = sourcecode.swift; path = Location.swift; sourceTree = "<group>"; };
		0BE6D7082B16CBE9001A4160 /* LocationPickerViewController.swift */ = {isa = PBXFileReference; lastKnownFileType = sourcecode.swift; path = LocationPickerViewController.swift; sourceTree = "<group>"; };
		AF751C41380CC2FA49DDA8F8 /* Pods-chat.release.xcconfig */ = {isa = PBXFileReference; includeInIndex = 1; lastKnownFileType = text.xcconfig; name = "Pods-chat.release.xcconfig"; path = "Target Support Files/Pods-chat/Pods-chat.release.xcconfig"; sourceTree = "<group>"; };
		E1FEC19CE28298F13795B5B7 /* Pods-chat.debug.xcconfig */ = {isa = PBXFileReference; includeInIndex = 1; lastKnownFileType = text.xcconfig; name = "Pods-chat.debug.xcconfig"; path = "Target Support Files/Pods-chat/Pods-chat.debug.xcconfig"; sourceTree = "<group>"; };
/* End PBXFileReference section */

/* Begin PBXFrameworksBuildPhase section */
		0B6F66BA2ACCE5F500494059 /* Frameworks */ = {
			isa = PBXFrameworksBuildPhase;
			buildActionMask = 2147483647;
			files = (
				6F64BF4961E930D28AC67FB1 /* Pods_chat.framework in Frameworks */,
			);
			runOnlyForDeploymentPostprocessing = 0;
		};
/* End PBXFrameworksBuildPhase section */

/* Begin PBXGroup section */
		0B459F4B2AFC6B9E00736557 /* NewConversation */ = {
			isa = PBXGroup;
			children = (
				0B95BDE12B019C2F001BC18A /* NewConversationTableView+Delegates.swift */,
				0BDA5F782AD7B43A006F7A8A /* NewConversationViewController.swift */,
				0B95BDE32B019D01001BC18A /* Cells */,
			);
			path = NewConversation;
			sourceTree = "<group>";
		};
		0B51A3622AF33BA5004D534B /* Profile */ = {
			isa = PBXGroup;
			children = (
				0BDA5F7A2AD7B465006F7A8A /* ProfileViewController.swift */,
				0B51A3642AF33F25004D534B /* TableView+Delegates.swift */,
				0B51A3632AF33D74004D534B /* Cells */,
			);
			path = Profile;
			sourceTree = "<group>";
		};
		0B51A3632AF33D74004D534B /* Cells */ = {
			isa = PBXGroup;
			children = (
				0B51A3662AF343E8004D534B /* TableViewCell.swift */,
			);
			path = Cells;
			sourceTree = "<group>";
		};
		0B66F0792ACE5545004EE95B /* Models */ = {
			isa = PBXGroup;
			children = (
				0B94A3832AEF36E5003C39C0 /* ChatAppUser.swift */,
				0B459F472AFC63A000736557 /* Message.swift */,
				0B459F492AFC645F00736557 /* Sender.swift */,
				0BC2DB1E2B0ACB0500CE02EE /* Conversation.swift */,
				0BC2DB202B0ACBA200CE02EE /* LatestMessage.swift */,
				0B3DA96D2B103E8600A08F4F /* Media.swift */,
				0B5ABFE82B129E6400803335 /* SearchResult.swift */,
				0BE6D7062B16C7F2001A4160 /* Location.swift */,
				0B5D17E42B198404007A5AA9 /* ProfileViewModel.swift */,
			);
			path = Models;
			sourceTree = "<group>";
		};
		0B66F07A2ACE554F004EE95B /* Networking */ = {
			isa = PBXGroup;
			children = (
			);
			path = Networking;
			sourceTree = "<group>";
		};
		0B66F07B2ACE555A004EE95B /* Resources */ = {
			isa = PBXGroup;
			children = (
				0B6F66C92ACCE5F600494059 /* Assets.xcassets */,
				0B6F66CB2ACCE5F600494059 /* LaunchScreen.storyboard */,
				0B94A3812AEF30FF003C39C0 /* DatabaseManager.swift */,
				0B3579452AFDE74400AE9A85 /* StorageManager.swift */,
			);
			path = Resources;
			sourceTree = "<group>";
		};
		0B66F07D2ACE557F004EE95B /* Shared */ = {
			isa = PBXGroup;
			children = (
			);
			path = Shared;
			sourceTree = "<group>";
		};
		0B66F07E2ACE558B004EE95B /* Supporting Files */ = {
			isa = PBXGroup;
			children = (
				0B6F66CE2ACCE5F600494059 /* Info.plist */,
			);
			path = "Supporting Files";
			sourceTree = "<group>";
		};
		0B66F07F2ACE56C1004EE95B /* Application */ = {
			isa = PBXGroup;
			children = (
				0B6F66C02ACCE5F500494059 /* AppDelegate.swift */,
			);
			path = Application;
			sourceTree = "<group>";
		};
		0B6F66B42ACCE5F500494059 = {
			isa = PBXGroup;
			children = (
				0B6573092AF70C2E0040DFF0 /* Secrets.xcconfig */,
				0B6F66BF2ACCE5F500494059 /* chat */,
				0B6F66BE2ACCE5F500494059 /* Products */,
				B314B596E46815FF28D9F07D /* Pods */,
				152B2F627B542DF34BEF4B9B /* Frameworks */,
			);
			sourceTree = "<group>";
		};
		0B6F66BE2ACCE5F500494059 /* Products */ = {
			isa = PBXGroup;
			children = (
				0B6F66BD2ACCE5F500494059 /* chat.app */,
			);
			name = Products;
			sourceTree = "<group>";
		};
		0B6F66BF2ACCE5F500494059 /* chat */ = {
			isa = PBXGroup;
			children = (
				0B017D4A2AF860010097F951 /* GoogleService-Info.plist */,
				0B66F07F2ACE56C1004EE95B /* Application */,
				0BDA5F6D2AD7B073006F7A8A /* Controllers */,
				0B6F66D42ACCED4600494059 /* Coordinator */,
				0B66F0792ACE5545004EE95B /* Models */,
				0B66F07A2ACE554F004EE95B /* Networking */,
				0B66F07B2ACE555A004EE95B /* Resources */,
				0B66F07D2ACE557F004EE95B /* Shared */,
				0B66F07E2ACE558B004EE95B /* Supporting Files */,
				0BDA5F6E2AD7B084006F7A8A /* ViewModels */,
				0BDA5F6F2AD7B134006F7A8A /* Views */,
			);
			path = chat;
			sourceTree = "<group>";
		};
		0B6F66D42ACCED4600494059 /* Coordinator */ = {
			isa = PBXGroup;
			children = (
				0B6F66D52ACCED7900494059 /* AppCoordinator.swift */,
				0B6F66D72ACCED8800494059 /* Context.swift */,
				0B6F66D92ACCED9B00494059 /* Coordinator.swift */,
			);
			path = Coordinator;
			sourceTree = "<group>";
		};
		0B94A38A2AEF5502003C39C0 /* Main */ = {
			isa = PBXGroup;
			children = (
				0B94A38B2AEF556B003C39C0 /* MainController.swift */,
			);
			path = Main;
			sourceTree = "<group>";
		};
		0B95BDE32B019D01001BC18A /* Cells */ = {
			isa = PBXGroup;
			children = (
				0B95BDE42B019D1A001BC18A /* NewConversationTableViewCell.swift */,
			);
			path = Cells;
			sourceTree = "<group>";
		};
		0B9C5C382AFB122500BEAA54 /* Conversations */ = {
			isa = PBXGroup;
			children = (
				0B6F66C42ACCE5F500494059 /* ConversationsViewController.swift */,
				0B9C5C392AFB126A00BEAA54 /* ConversationsTableView+Delegates.swift */,
				0B9C5C3D2AFB359100BEAA54 /* Cells */,
				0B9C5C402AFB3C1100BEAA54 /* Chat */,
			);
			path = Conversations;
			sourceTree = "<group>";
		};
		0B9C5C3D2AFB359100BEAA54 /* Cells */ = {
			isa = PBXGroup;
			children = (
				0B9C5C3E2AFB35E400BEAA54 /* ConversationsTableViewCell.swift */,
			);
			path = Cells;
			sourceTree = "<group>";
		};
		0B9C5C402AFB3C1100BEAA54 /* Chat */ = {
			isa = PBXGroup;
			children = (
				0B9C5C3B2AFB17A400BEAA54 /* ChatViewController.swift */,
				0B76DB882B05D12E00DBBBCB /* ChatViewController+Delegates.swift */,
				0BE6D7082B16CBE9001A4160 /* LocationPickerViewController.swift */,
			);
			path = Chat;
			sourceTree = "<group>";
		};
		0BDA5F6D2AD7B073006F7A8A /* Controllers */ = {
			isa = PBXGroup;
			children = (
				0BDA5F742AD7B3DA006F7A8A /* PhotoViwerViewController.swift */,
				0BDA5F762AD7B3FC006F7A8A /* VideoPlayerViewController.swift */,
				0B9C5C382AFB122500BEAA54 /* Conversations */,
				0BDA5F7C2AD7B613006F7A8A /* Login */,
				0B94A38A2AEF5502003C39C0 /* Main */,
				0B459F4B2AFC6B9E00736557 /* NewConversation */,
				0B51A3622AF33BA5004D534B /* Profile */,
			);
			path = Controllers;
			sourceTree = "<group>";
		};
		0BDA5F6E2AD7B084006F7A8A /* ViewModels */ = {
			isa = PBXGroup;
			children = (
			);
			path = ViewModels;
			sourceTree = "<group>";
		};
		0BDA5F6F2AD7B134006F7A8A /* Views */ = {
			isa = PBXGroup;
			children = (
			);
			path = Views;
			sourceTree = "<group>";
		};
		0BDA5F7C2AD7B613006F7A8A /* Login */ = {
			isa = PBXGroup;
			children = (
				0BDA5F702AD7B386006F7A8A /* LoginViewController.swift */,
				0B8C9D192AE74DE500BCF0A9 /* LoginViewController+Delegates.swift */,
				0BDA5F722AD7B3AB006F7A8A /* RegisterViewController.swift */,
				0B8C9D1B2AE750AE00BCF0A9 /* RegisterViewController+Delegates.swift */,
			);
			path = Login;
			sourceTree = "<group>";
		};
		152B2F627B542DF34BEF4B9B /* Frameworks */ = {
			isa = PBXGroup;
			children = (
				0B26A72542B3ACE0322A03DE /* Pods_chat.framework */,
			);
			name = Frameworks;
			sourceTree = "<group>";
		};
		B314B596E46815FF28D9F07D /* Pods */ = {
			isa = PBXGroup;
			children = (
				E1FEC19CE28298F13795B5B7 /* Pods-chat.debug.xcconfig */,
				AF751C41380CC2FA49DDA8F8 /* Pods-chat.release.xcconfig */,
			);
			path = Pods;
			sourceTree = "<group>";
		};
/* End PBXGroup section */

/* Begin PBXNativeTarget section */
		0B6F66BC2ACCE5F500494059 /* chat */ = {
			isa = PBXNativeTarget;
			buildConfigurationList = 0B6F66D12ACCE5F600494059 /* Build configuration list for PBXNativeTarget "chat" */;
			buildPhases = (
				EB27F0E0A50F32220E67B5DD /* [CP] Check Pods Manifest.lock */,
				0B6F66B92ACCE5F500494059 /* Sources */,
				0B6F66BA2ACCE5F500494059 /* Frameworks */,
				0B6F66BB2ACCE5F500494059 /* Resources */,
				7FCAD61860FEAF87A8C8B77E /* [CP] Embed Pods Frameworks */,
				0B6583C92B1EB47500A7E576 /* ShellScript */,
			);
			buildRules = (
			);
			dependencies = (
			);
			name = chat;
			productName = chat;
			productReference = 0B6F66BD2ACCE5F500494059 /* chat.app */;
			productType = "com.apple.product-type.application";
		};
/* End PBXNativeTarget section */

/* Begin PBXProject section */
		0B6F66B52ACCE5F500494059 /* Project object */ = {
			isa = PBXProject;
			attributes = {
				BuildIndependentTargetsInParallel = 1;
				LastSwiftUpdateCheck = 1430;
				LastUpgradeCheck = 1430;
				TargetAttributes = {
					0B6F66BC2ACCE5F500494059 = {
						CreatedOnToolsVersion = 14.3.1;
					};
				};
			};
			buildConfigurationList = 0B6F66B82ACCE5F500494059 /* Build configuration list for PBXProject "chat" */;
			compatibilityVersion = "Xcode 14.0";
			developmentRegion = en;
			hasScannedForEncodings = 0;
			knownRegions = (
				en,
				Base,
			);
			mainGroup = 0B6F66B42ACCE5F500494059;
			productRefGroup = 0B6F66BE2ACCE5F500494059 /* Products */;
			projectDirPath = "";
			projectRoot = "";
			targets = (
				0B6F66BC2ACCE5F500494059 /* chat */,
			);
		};
/* End PBXProject section */

/* Begin PBXResourcesBuildPhase section */
		0B6F66BB2ACCE5F500494059 /* Resources */ = {
			isa = PBXResourcesBuildPhase;
			buildActionMask = 2147483647;
			files = (
				0B6F66CD2ACCE5F600494059 /* LaunchScreen.storyboard in Resources */,
				0B6F66CA2ACCE5F600494059 /* Assets.xcassets in Resources */,
				0B017D4B2AF860010097F951 /* GoogleService-Info.plist in Resources */,
			);
			runOnlyForDeploymentPostprocessing = 0;
		};
/* End PBXResourcesBuildPhase section */

/* Begin PBXShellScriptBuildPhase section */
		0B6583C92B1EB47500A7E576 /* ShellScript */ = {
			isa = PBXShellScriptBuildPhase;
			buildActionMask = 2147483647;
			files = (
			);
			inputFileListPaths = (
			);
			inputPaths = (
			);
			outputFileListPaths = (
			);
			outputPaths = (
			);
			runOnlyForDeploymentPostprocessing = 0;
			shellPath = /bin/sh;
			shellScript = "\"${PODS_ROOT}/FirebaseCrashlytics/run\"\n";
		};
		7FCAD61860FEAF87A8C8B77E /* [CP] Embed Pods Frameworks */ = {
			isa = PBXShellScriptBuildPhase;
			buildActionMask = 2147483647;
			files = (
			);
			inputFileListPaths = (
				"${PODS_ROOT}/Target Support Files/Pods-chat/Pods-chat-frameworks-${CONFIGURATION}-input-files.xcfilelist",
			);
			name = "[CP] Embed Pods Frameworks";
			outputFileListPaths = (
				"${PODS_ROOT}/Target Support Files/Pods-chat/Pods-chat-frameworks-${CONFIGURATION}-output-files.xcfilelist",
			);
			runOnlyForDeploymentPostprocessing = 0;
			shellPath = /bin/sh;
			shellScript = "\"${PODS_ROOT}/Target Support Files/Pods-chat/Pods-chat-frameworks.sh\"\n";
			showEnvVarsInLog = 0;
		};
		EB27F0E0A50F32220E67B5DD /* [CP] Check Pods Manifest.lock */ = {
			isa = PBXShellScriptBuildPhase;
			buildActionMask = 2147483647;
			files = (
			);
			inputFileListPaths = (
			);
			inputPaths = (
				"${PODS_PODFILE_DIR_PATH}/Podfile.lock",
				"${PODS_ROOT}/Manifest.lock",
			);
			name = "[CP] Check Pods Manifest.lock";
			outputFileListPaths = (
			);
			outputPaths = (
				"$(DERIVED_FILE_DIR)/Pods-chat-checkManifestLockResult.txt",
			);
			runOnlyForDeploymentPostprocessing = 0;
			shellPath = /bin/sh;
			shellScript = "diff \"${PODS_PODFILE_DIR_PATH}/Podfile.lock\" \"${PODS_ROOT}/Manifest.lock\" > /dev/null\nif [ $? != 0 ] ; then\n    # print error to STDERR\n    echo \"error: The sandbox is not in sync with the Podfile.lock. Run 'pod install' or update your CocoaPods installation.\" >&2\n    exit 1\nfi\n# This output is used by Xcode 'outputs' to avoid re-running this script phase.\necho \"SUCCESS\" > \"${SCRIPT_OUTPUT_FILE_0}\"\n";
			showEnvVarsInLog = 0;
		};
/* End PBXShellScriptBuildPhase section */

/* Begin PBXSourcesBuildPhase section */
		0B6F66B92ACCE5F500494059 /* Sources */ = {
			isa = PBXSourcesBuildPhase;
			buildActionMask = 2147483647;
			files = (
				0BDA5F712AD7B386006F7A8A /* LoginViewController.swift in Sources */,
				0B94A38C2AEF556B003C39C0 /* MainController.swift in Sources */,
				0BE6D7072B16C7F2001A4160 /* Location.swift in Sources */,
				0B5ABFE92B129E6400803335 /* SearchResult.swift in Sources */,
				0BC2DB1F2B0ACB0500CE02EE /* Conversation.swift in Sources */,
				0B6F66D62ACCED7900494059 /* AppCoordinator.swift in Sources */,
				0B9C5C3A2AFB126A00BEAA54 /* ConversationsTableView+Delegates.swift in Sources */,
				0BDA5F732AD7B3AB006F7A8A /* RegisterViewController.swift in Sources */,
				0B51A3672AF343E8004D534B /* TableViewCell.swift in Sources */,
				0BDA5F772AD7B3FC006F7A8A /* VideoPlayerViewController.swift in Sources */,
				0B95BDE22B019C2F001BC18A /* NewConversationTableView+Delegates.swift in Sources */,
				0B8C9D1C2AE750AE00BCF0A9 /* RegisterViewController+Delegates.swift in Sources */,
				0B6F66C52ACCE5F500494059 /* ConversationsViewController.swift in Sources */,
				0B94A3822AEF30FF003C39C0 /* DatabaseManager.swift in Sources */,
				0B3DA96E2B103E8600A08F4F /* Media.swift in Sources */,
				0B459F4A2AFC645F00736557 /* Sender.swift in Sources */,
				0BE6D7092B16CBE9001A4160 /* LocationPickerViewController.swift in Sources */,
				0B6F66DA2ACCED9B00494059 /* Coordinator.swift in Sources */,
				0B51A3652AF33F25004D534B /* TableView+Delegates.swift in Sources */,
				0BDA5F7B2AD7B465006F7A8A /* ProfileViewController.swift in Sources */,
				0B76DB892B05D12E00DBBBCB /* ChatViewController+Delegates.swift in Sources */,
				0B8C9D1A2AE74DE500BCF0A9 /* LoginViewController+Delegates.swift in Sources */,
				0BC2DB212B0ACBA200CE02EE /* LatestMessage.swift in Sources */,
				0B3579462AFDE74400AE9A85 /* StorageManager.swift in Sources */,
				0B94A3842AEF36E5003C39C0 /* ChatAppUser.swift in Sources */,
				0B6F66C12ACCE5F500494059 /* AppDelegate.swift in Sources */,
				0B95BDE52B019D1A001BC18A /* NewConversationTableViewCell.swift in Sources */,
				0B6F66D82ACCED8800494059 /* Context.swift in Sources */,
				0B459F482AFC63A000736557 /* Message.swift in Sources */,
				0BDA5F792AD7B43A006F7A8A /* NewConversationViewController.swift in Sources */,
				0B5D17E52B198404007A5AA9 /* ProfileViewModel.swift in Sources */,
				0B9C5C3F2AFB35E400BEAA54 /* ConversationsTableViewCell.swift in Sources */,
				0B9C5C3C2AFB17A400BEAA54 /* ChatViewController.swift in Sources */,
				0BDA5F752AD7B3DA006F7A8A /* PhotoViwerViewController.swift in Sources */,
			);
			runOnlyForDeploymentPostprocessing = 0;
		};
/* End PBXSourcesBuildPhase section */

/* Begin PBXVariantGroup section */
		0B6F66CB2ACCE5F600494059 /* LaunchScreen.storyboard */ = {
			isa = PBXVariantGroup;
			children = (
				0B6F66CC2ACCE5F600494059 /* Base */,
			);
			name = LaunchScreen.storyboard;
			sourceTree = "<group>";
		};
/* End PBXVariantGroup section */

/* Begin XCBuildConfiguration section */
		0B6F66CF2ACCE5F600494059 /* Debug */ = {
			isa = XCBuildConfiguration;
			baseConfigurationReference = 0B6573092AF70C2E0040DFF0 /* Secrets.xcconfig */;
			buildSettings = {
				ALWAYS_SEARCH_USER_PATHS = NO;
				CLANG_ANALYZER_NONNULL = YES;
				CLANG_ANALYZER_NUMBER_OBJECT_CONVERSION = YES_AGGRESSIVE;
				CLANG_CXX_LANGUAGE_STANDARD = "gnu++20";
				CLANG_ENABLE_MODULES = YES;
				CLANG_ENABLE_OBJC_ARC = YES;
				CLANG_ENABLE_OBJC_WEAK = YES;
				CLANG_WARN_BLOCK_CAPTURE_AUTORELEASING = YES;
				CLANG_WARN_BOOL_CONVERSION = YES;
				CLANG_WARN_COMMA = YES;
				CLANG_WARN_CONSTANT_CONVERSION = YES;
				CLANG_WARN_DEPRECATED_OBJC_IMPLEMENTATIONS = YES;
				CLANG_WARN_DIRECT_OBJC_ISA_USAGE = YES_ERROR;
				CLANG_WARN_DOCUMENTATION_COMMENTS = YES;
				CLANG_WARN_EMPTY_BODY = YES;
				CLANG_WARN_ENUM_CONVERSION = YES;
				CLANG_WARN_INFINITE_RECURSION = YES;
				CLANG_WARN_INT_CONVERSION = YES;
				CLANG_WARN_NON_LITERAL_NULL_CONVERSION = YES;
				CLANG_WARN_OBJC_IMPLICIT_RETAIN_SELF = YES;
				CLANG_WARN_OBJC_LITERAL_CONVERSION = YES;
				CLANG_WARN_OBJC_ROOT_CLASS = YES_ERROR;
				CLANG_WARN_QUOTED_INCLUDE_IN_FRAMEWORK_HEADER = YES;
				CLANG_WARN_RANGE_LOOP_ANALYSIS = YES;
				CLANG_WARN_STRICT_PROTOTYPES = YES;
				CLANG_WARN_SUSPICIOUS_MOVE = YES;
				CLANG_WARN_UNGUARDED_AVAILABILITY = YES_AGGRESSIVE;
				CLANG_WARN_UNREACHABLE_CODE = YES;
				CLANG_WARN__DUPLICATE_METHOD_MATCH = YES;
				COPY_PHASE_STRIP = NO;
				DEBUG_INFORMATION_FORMAT = dwarf;
				ENABLE_STRICT_OBJC_MSGSEND = YES;
				ENABLE_TESTABILITY = YES;
				GCC_C_LANGUAGE_STANDARD = gnu11;
				GCC_DYNAMIC_NO_PIC = NO;
				GCC_NO_COMMON_BLOCKS = YES;
				GCC_OPTIMIZATION_LEVEL = 0;
				GCC_PREPROCESSOR_DEFINITIONS = (
					"DEBUG=1",
					"$(inherited)",
				);
				GCC_WARN_64_TO_32_BIT_CONVERSION = YES;
				GCC_WARN_ABOUT_RETURN_TYPE = YES_ERROR;
				GCC_WARN_UNDECLARED_SELECTOR = YES;
				GCC_WARN_UNINITIALIZED_AUTOS = YES_AGGRESSIVE;
				GCC_WARN_UNUSED_FUNCTION = YES;
				GCC_WARN_UNUSED_VARIABLE = YES;
				IPHONEOS_DEPLOYMENT_TARGET = 13.0;
				MTL_ENABLE_DEBUG_INFO = INCLUDE_SOURCE;
				MTL_FAST_MATH = YES;
				ONLY_ACTIVE_ARCH = YES;
				SDKROOT = iphoneos;
				SWIFT_ACTIVE_COMPILATION_CONDITIONS = DEBUG;
				SWIFT_OPTIMIZATION_LEVEL = "-Onone";
			};
			name = Debug;
		};
		0B6F66D02ACCE5F600494059 /* Release */ = {
			isa = XCBuildConfiguration;
			baseConfigurationReference = 0B6573092AF70C2E0040DFF0 /* Secrets.xcconfig */;
			buildSettings = {
				ALWAYS_SEARCH_USER_PATHS = NO;
				CLANG_ANALYZER_NONNULL = YES;
				CLANG_ANALYZER_NUMBER_OBJECT_CONVERSION = YES_AGGRESSIVE;
				CLANG_CXX_LANGUAGE_STANDARD = "gnu++20";
				CLANG_ENABLE_MODULES = YES;
				CLANG_ENABLE_OBJC_ARC = YES;
				CLANG_ENABLE_OBJC_WEAK = YES;
				CLANG_WARN_BLOCK_CAPTURE_AUTORELEASING = YES;
				CLANG_WARN_BOOL_CONVERSION = YES;
				CLANG_WARN_COMMA = YES;
				CLANG_WARN_CONSTANT_CONVERSION = YES;
				CLANG_WARN_DEPRECATED_OBJC_IMPLEMENTATIONS = YES;
				CLANG_WARN_DIRECT_OBJC_ISA_USAGE = YES_ERROR;
				CLANG_WARN_DOCUMENTATION_COMMENTS = YES;
				CLANG_WARN_EMPTY_BODY = YES;
				CLANG_WARN_ENUM_CONVERSION = YES;
				CLANG_WARN_INFINITE_RECURSION = YES;
				CLANG_WARN_INT_CONVERSION = YES;
				CLANG_WARN_NON_LITERAL_NULL_CONVERSION = YES;
				CLANG_WARN_OBJC_IMPLICIT_RETAIN_SELF = YES;
				CLANG_WARN_OBJC_LITERAL_CONVERSION = YES;
				CLANG_WARN_OBJC_ROOT_CLASS = YES_ERROR;
				CLANG_WARN_QUOTED_INCLUDE_IN_FRAMEWORK_HEADER = YES;
				CLANG_WARN_RANGE_LOOP_ANALYSIS = YES;
				CLANG_WARN_STRICT_PROTOTYPES = YES;
				CLANG_WARN_SUSPICIOUS_MOVE = YES;
				CLANG_WARN_UNGUARDED_AVAILABILITY = YES_AGGRESSIVE;
				CLANG_WARN_UNREACHABLE_CODE = YES;
				CLANG_WARN__DUPLICATE_METHOD_MATCH = YES;
				COPY_PHASE_STRIP = NO;
				DEBUG_INFORMATION_FORMAT = "dwarf-with-dsym";
				ENABLE_NS_ASSERTIONS = NO;
				ENABLE_STRICT_OBJC_MSGSEND = YES;
				GCC_C_LANGUAGE_STANDARD = gnu11;
				GCC_NO_COMMON_BLOCKS = YES;
				GCC_WARN_64_TO_32_BIT_CONVERSION = YES;
				GCC_WARN_ABOUT_RETURN_TYPE = YES_ERROR;
				GCC_WARN_UNDECLARED_SELECTOR = YES;
				GCC_WARN_UNINITIALIZED_AUTOS = YES_AGGRESSIVE;
				GCC_WARN_UNUSED_FUNCTION = YES;
				GCC_WARN_UNUSED_VARIABLE = YES;
				IPHONEOS_DEPLOYMENT_TARGET = 13.0;
				MTL_ENABLE_DEBUG_INFO = NO;
				MTL_FAST_MATH = YES;
				SDKROOT = iphoneos;
				SWIFT_COMPILATION_MODE = wholemodule;
				SWIFT_OPTIMIZATION_LEVEL = "-O";
				VALIDATE_PRODUCT = YES;
			};
			name = Release;
		};
		0B6F66D22ACCE5F600494059 /* Debug */ = {
			isa = XCBuildConfiguration;
			baseConfigurationReference = E1FEC19CE28298F13795B5B7 /* Pods-chat.debug.xcconfig */;
			buildSettings = {
				ASSETCATALOG_COMPILER_APPICON_NAME = AppIcon;
				ASSETCATALOG_COMPILER_GLOBAL_ACCENT_COLOR_NAME = AccentColor;
				CODE_SIGN_STYLE = Automatic;
				CURRENT_PROJECT_VERSION = 1;
				GENERATE_INFOPLIST_FILE = YES;
				INFOPLIST_FILE = "chat/Supporting Files/Info.plist";
				INFOPLIST_KEY_LSApplicationCategoryType = "public.app-category.education";
				INFOPLIST_KEY_NSCameraUsageDescription = "Please allow access to take a profile picture.";
				INFOPLIST_KEY_NSMicrophoneUsageDescription = "Please allow access to send audio and video messages.";
				INFOPLIST_KEY_NSPhotoLibraryAddUsageDescription = "Please allow access to select a photo for you profile.";
				INFOPLIST_KEY_UIApplicationSupportsIndirectInputEvents = YES;
				INFOPLIST_KEY_UILaunchStoryboardName = LaunchScreen;
				INFOPLIST_KEY_UISupportedInterfaceOrientations = UIInterfaceOrientationPortrait;
				INFOPLIST_KEY_UISupportedInterfaceOrientations_iPad = "UIInterfaceOrientationLandscapeLeft UIInterfaceOrientationLandscapeRight UIInterfaceOrientationPortrait UIInterfaceOrientationPortraitUpsideDown";
				LD_RUNPATH_SEARCH_PATHS = (
					"$(inherited)",
					"@executable_path/Frameworks",
				);
				MARKETING_VERSION = 1.0;
				PRODUCT_BUNDLE_IDENTIFIER = com.jorgemarcial.chat;
				PRODUCT_NAME = "$(TARGET_NAME)";
				SUPPORTED_PLATFORMS = "iphoneos iphonesimulator";
				SUPPORTS_MACCATALYST = NO;
				SUPPORTS_MAC_DESIGNED_FOR_IPHONE_IPAD = NO;
				SWIFT_EMIT_LOC_STRINGS = YES;
				SWIFT_VERSION = 5.0;
				TARGETED_DEVICE_FAMILY = 1;
			};
			name = Debug;
		};
		0B6F66D32ACCE5F600494059 /* Release */ = {
			isa = XCBuildConfiguration;
			baseConfigurationReference = AF751C41380CC2FA49DDA8F8 /* Pods-chat.release.xcconfig */;
			buildSettings = {
				ASSETCATALOG_COMPILER_APPICON_NAME = AppIcon;
				ASSETCATALOG_COMPILER_GLOBAL_ACCENT_COLOR_NAME = AccentColor;
				CODE_SIGN_STYLE = Automatic;
				CURRENT_PROJECT_VERSION = 1;
				GENERATE_INFOPLIST_FILE = YES;
				INFOPLIST_FILE = "chat/Supporting Files/Info.plist";
				INFOPLIST_KEY_LSApplicationCategoryType = "public.app-category.education";
				INFOPLIST_KEY_NSCameraUsageDescription = "Please allow access to take a profile picture.";
				INFOPLIST_KEY_NSMicrophoneUsageDescription = "Please allow access to send audio and video messages.";
				INFOPLIST_KEY_NSPhotoLibraryAddUsageDescription = "Please allow access to select a photo for you profile.";
				INFOPLIST_KEY_UIApplicationSupportsIndirectInputEvents = YES;
				INFOPLIST_KEY_UILaunchStoryboardName = LaunchScreen;
				INFOPLIST_KEY_UISupportedInterfaceOrientations = UIInterfaceOrientationPortrait;
				INFOPLIST_KEY_UISupportedInterfaceOrientations_iPad = "UIInterfaceOrientationLandscapeLeft UIInterfaceOrientationLandscapeRight UIInterfaceOrientationPortrait UIInterfaceOrientationPortraitUpsideDown";
				LD_RUNPATH_SEARCH_PATHS = (
					"$(inherited)",
					"@executable_path/Frameworks",
				);
				MARKETING_VERSION = 1.0;
				PRODUCT_BUNDLE_IDENTIFIER = com.jorgemarcial.chat;
				PRODUCT_NAME = "$(TARGET_NAME)";
				SUPPORTED_PLATFORMS = "iphoneos iphonesimulator";
				SUPPORTS_MACCATALYST = NO;
				SUPPORTS_MAC_DESIGNED_FOR_IPHONE_IPAD = NO;
				SWIFT_EMIT_LOC_STRINGS = YES;
				SWIFT_VERSION = 5.0;
				TARGETED_DEVICE_FAMILY = 1;
			};
			name = Release;
		};
/* End XCBuildConfiguration section */

/* Begin XCConfigurationList section */
		0B6F66B82ACCE5F500494059 /* Build configuration list for PBXProject "chat" */ = {
			isa = XCConfigurationList;
			buildConfigurations = (
				0B6F66CF2ACCE5F600494059 /* Debug */,
				0B6F66D02ACCE5F600494059 /* Release */,
			);
			defaultConfigurationIsVisible = 0;
			defaultConfigurationName = Release;
		};
		0B6F66D12ACCE5F600494059 /* Build configuration list for PBXNativeTarget "chat" */ = {
			isa = XCConfigurationList;
			buildConfigurations = (
				0B6F66D22ACCE5F600494059 /* Debug */,
				0B6F66D32ACCE5F600494059 /* Release */,
			);
			defaultConfigurationIsVisible = 0;
			defaultConfigurationName = Release;
		};
/* End XCConfigurationList section */
	};
	rootObject = 0B6F66B52ACCE5F500494059 /* Project object */;
}
